// !$*UTF8*$!
{
	archiveVersion = 1;
	classes = {
	};
	objectVersion = 56;
	objects = {

/* Begin PBXBuildFile section */
		7459D28B29BCD82C00604635 /* iOSApp.swift in Sources */ = {isa = PBXBuildFile; fileRef = 7459D28A29BCD82C00604635 /* iOSApp.swift */; };
		7459D28D29BCD82C00604635 /* ContentView.swift in Sources */ = {isa = PBXBuildFile; fileRef = 7459D28C29BCD82C00604635 /* ContentView.swift */; };
		7459D28F29BCD82D00604635 /* Assets.xcassets in Resources */ = {isa = PBXBuildFile; fileRef = 7459D28E29BCD82D00604635 /* Assets.xcassets */; };
		7459D29229BCD82D00604635 /* Preview Assets.xcassets in Resources */ = {isa = PBXBuildFile; fileRef = 7459D29129BCD82D00604635 /* Preview Assets.xcassets */; };
		7459D29A29BCD9AB00604635 /* shared.udl in Sources */ = {isa = PBXBuildFile; fileRef = 7459D29929BCD9AB00604635 /* shared.udl */; };
		7459D29D29BCDDA800604635 /* rust_build.sh in Resources */ = {isa = PBXBuildFile; fileRef = 7459D29C29BCDDA800604635 /* rust_build.sh */; };
		7459D2A129BCE0AD00604635 /* libshared.a in Frameworks */ = {isa = PBXBuildFile; fileRef = 7459D2A029BCE0AD00604635 /* libshared.a */; };
		7459D2A429BCE11600604635 /* Serde in Frameworks */ = {isa = PBXBuildFile; productRef = 7459D2A329BCE11600604635 /* Serde */; };
		7459D2A629BCE94100604635 /* shared_types.swift in Sources */ = {isa = PBXBuildFile; fileRef = 7459D2A529BCE94100604635 /* shared_types.swift */; };
/* End PBXBuildFile section */

/* Begin PBXBuildRule section */
		7459D29829BCD92200604635 /* PBXBuildRule */ = {
			isa = PBXBuildRule;
			compilerSpec = com.apple.compilers.proxy.script;
			filePatterns = "*.udl";
			fileType = pattern.proxy;
			inputFiles = (
			);
			isEditable = 1;
			outputFiles = (
				"$(PROJECT_DIR)/generated/$(INPUT_FILE_BASE).swift",
				"$(PROJECT_DIR)/generated/$(INPUT_FILE_BASE)FFI.h",
			);
			runOncePerArchitecture = 0;
			script = "# Skip during indexing phase in XCode 13+\nif [ $ACTION == \"indexbuild\" ]; then\n   echo \"Not building *.udl files during indexing.\"\n   exit 0\nfi\n\n# Skip for preview builds\nif [ \"${ENABLE_PREVIEWS}\" = \"YES\" ]; then\n   echo \"Not building *.udl files during preview builds.\"\n   exit 0\nfi\n\n# note, for now, run a cargo build manually to ensure the binary exists for this step\ncd \"$INPUT_FILE_DIR\"/.. && \"$PROJECT_DIR/../target/debug/uniffi-bindgen\" generate src/\"$INPUT_FILE_NAME\" --language swift --out-dir \"$PROJECT_DIR/generated\"\n";
		};
/* End PBXBuildRule section */

/* Begin PBXFileReference section */
		7459D28729BCD82C00604635 /* iOS.app */ = {isa = PBXFileReference; explicitFileType = wrapper.application; includeInIndex = 0; path = iOS.app; sourceTree = BUILT_PRODUCTS_DIR; };
		7459D28A29BCD82C00604635 /* iOSApp.swift */ = {isa = PBXFileReference; lastKnownFileType = sourcecode.swift; path = iOSApp.swift; sourceTree = "<group>"; };
		7459D28C29BCD82C00604635 /* ContentView.swift */ = {isa = PBXFileReference; lastKnownFileType = sourcecode.swift; path = ContentView.swift; sourceTree = "<group>"; };
		7459D28E29BCD82D00604635 /* Assets.xcassets */ = {isa = PBXFileReference; lastKnownFileType = folder.assetcatalog; path = Assets.xcassets; sourceTree = "<group>"; };
		7459D29129BCD82D00604635 /* Preview Assets.xcassets */ = {isa = PBXFileReference; lastKnownFileType = folder.assetcatalog; path = "Preview Assets.xcassets"; sourceTree = "<group>"; };
		7459D29929BCD9AB00604635 /* shared.udl */ = {isa = PBXFileReference; lastKnownFileType = text; name = shared.udl; path = ../shared/src/shared.udl; sourceTree = "<group>"; };
		7459D29C29BCDDA800604635 /* rust_build.sh */ = {isa = PBXFileReference; lastKnownFileType = text.script.sh; path = rust_build.sh; sourceTree = "<group>"; };
		7459D2A029BCE0AD00604635 /* libshared.a */ = {isa = PBXFileReference; lastKnownFileType = archive.ar; name = libshared.a; path = ../target/debug/libshared.a; sourceTree = "<group>"; };
		7459D2A529BCE94100604635 /* shared_types.swift */ = {isa = PBXFileReference; fileEncoding = 4; lastKnownFileType = sourcecode.swift; name = shared_types.swift; path = ../shared_types/generated/swift/shared_types.swift; sourceTree = "<group>"; };
/* End PBXFileReference section */

/* Begin PBXFrameworksBuildPhase section */
		7459D28429BCD82C00604635 /* Frameworks */ = {
			isa = PBXFrameworksBuildPhase;
			buildActionMask = 2147483647;
			files = (
				7459D2A429BCE11600604635 /* Serde in Frameworks */,
				7459D2A129BCE0AD00604635 /* libshared.a in Frameworks */,
			);
			runOnlyForDeploymentPostprocessing = 0;
		};
/* End PBXFrameworksBuildPhase section */

/* Begin PBXGroup section */
		7459D27E29BCD82C00604635 = {
			isa = PBXGroup;
			children = (
				7459D2A529BCE94100604635 /* shared_types.swift */,
				7459D29B29BCDD7D00604635 /* bin */,
				7459D29929BCD9AB00604635 /* shared.udl */,
				7459D28929BCD82C00604635 /* iOS */,
				7459D28829BCD82C00604635 /* Products */,
				7459D29F29BCE0AD00604635 /* Frameworks */,
			);
			sourceTree = "<group>";
		};
		7459D28829BCD82C00604635 /* Products */ = {
			isa = PBXGroup;
			children = (
				7459D28729BCD82C00604635 /* iOS.app */,
			);
			name = Products;
			sourceTree = "<group>";
		};
		7459D28929BCD82C00604635 /* iOS */ = {
			isa = PBXGroup;
			children = (
				7459D28A29BCD82C00604635 /* iOSApp.swift */,
				7459D28C29BCD82C00604635 /* ContentView.swift */,
				7459D28E29BCD82D00604635 /* Assets.xcassets */,
				7459D29029BCD82D00604635 /* Preview Content */,
			);
			path = iOS;
			sourceTree = "<group>";
		};
		7459D29029BCD82D00604635 /* Preview Content */ = {
			isa = PBXGroup;
			children = (
				7459D29129BCD82D00604635 /* Preview Assets.xcassets */,
			);
			path = "Preview Content";
			sourceTree = "<group>";
		};
		7459D29B29BCDD7D00604635 /* bin */ = {
			isa = PBXGroup;
			children = (
				7459D29C29BCDDA800604635 /* rust_build.sh */,
			);
			path = bin;
			sourceTree = "<group>";
		};
		7459D29F29BCE0AD00604635 /* Frameworks */ = {
			isa = PBXGroup;
			children = (
				7459D2A029BCE0AD00604635 /* libshared.a */,
			);
			name = Frameworks;
			sourceTree = "<group>";
		};
/* End PBXGroup section */

/* Begin PBXNativeTarget section */
		7459D28629BCD82C00604635 /* iOS */ = {
			isa = PBXNativeTarget;
			buildConfigurationList = 7459D29529BCD82D00604635 /* Build configuration list for PBXNativeTarget "iOS" */;
			buildPhases = (
				7459D29E29BCDDFE00604635 /* Build rust library */,
				7459D28329BCD82C00604635 /* Sources */,
				7459D28429BCD82C00604635 /* Frameworks */,
				7459D28529BCD82C00604635 /* Resources */,
			);
			buildRules = (
				7459D29829BCD92200604635 /* PBXBuildRule */,
			);
			dependencies = (
			);
			name = iOS;
			packageProductDependencies = (
				7459D2A329BCE11600604635 /* Serde */,
			);
			productName = iOS;
			productReference = 7459D28729BCD82C00604635 /* iOS.app */;
			productType = "com.apple.product-type.application";
		};
/* End PBXNativeTarget section */

/* Begin PBXProject section */
		7459D27F29BCD82C00604635 /* Project object */ = {
			isa = PBXProject;
			attributes = {
				BuildIndependentTargetsInParallel = 1;
				LastSwiftUpdateCheck = 1420;
				LastUpgradeCheck = 1420;
				TargetAttributes = {
					7459D28629BCD82C00604635 = {
						CreatedOnToolsVersion = 14.2;
					};
				};
			};
			buildConfigurationList = 7459D28229BCD82C00604635 /* Build configuration list for PBXProject "iOS" */;
			compatibilityVersion = "Xcode 14.0";
			developmentRegion = en;
			hasScannedForEncodings = 0;
			knownRegions = (
				en,
				Base,
			);
			mainGroup = 7459D27E29BCD82C00604635;
			packageReferences = (
				7459D2A229BCE11600604635 /* XCRemoteSwiftPackageReference "Serde" */,
			);
			productRefGroup = 7459D28829BCD82C00604635 /* Products */;
			projectDirPath = "";
			projectRoot = "";
			targets = (
				7459D28629BCD82C00604635 /* iOS */,
			);
		};
/* End PBXProject section */

/* Begin PBXResourcesBuildPhase section */
		7459D28529BCD82C00604635 /* Resources */ = {
			isa = PBXResourcesBuildPhase;
			buildActionMask = 2147483647;
			files = (
				7459D29229BCD82D00604635 /* Preview Assets.xcassets in Resources */,
				7459D28F29BCD82D00604635 /* Assets.xcassets in Resources */,
				7459D29D29BCDDA800604635 /* rust_build.sh in Resources */,
			);
			runOnlyForDeploymentPostprocessing = 0;
		};
/* End PBXResourcesBuildPhase section */

/* Begin PBXShellScriptBuildPhase section */
		7459D29E29BCDDFE00604635 /* Build rust library */ = {
			isa = PBXShellScriptBuildPhase;
			alwaysOutOfDate = 1;
			buildActionMask = 2147483647;
			files = (
			);
			inputFileListPaths = (
			);
			inputPaths = (
			);
			name = "Build rust library";
			outputFileListPaths = (
			);
			outputPaths = (
			);
			runOnlyForDeploymentPostprocessing = 0;
			shellPath = /bin/sh;
			shellScript = "cd \"$PROJECT_DIR/../shared\"\nbash \"$PROJECT_DIR/bin/rust_build.sh\" shared\n";
		};
/* End PBXShellScriptBuildPhase section */

/* Begin PBXSourcesBuildPhase section */
		7459D28329BCD82C00604635 /* Sources */ = {
			isa = PBXSourcesBuildPhase;
			buildActionMask = 2147483647;
			files = (
				7459D2A629BCE94100604635 /* shared_types.swift in Sources */,
				7459D29A29BCD9AB00604635 /* shared.udl in Sources */,
				7459D28D29BCD82C00604635 /* ContentView.swift in Sources */,
				7459D28B29BCD82C00604635 /* iOSApp.swift in Sources */,
			);
			runOnlyForDeploymentPostprocessing = 0;
		};
/* End PBXSourcesBuildPhase section */

/* Begin XCBuildConfiguration section */
		7459D29329BCD82D00604635 /* Debug */ = {
			isa = XCBuildConfiguration;
			buildSettings = {
				ALWAYS_SEARCH_USER_PATHS = NO;
				CLANG_ANALYZER_NONNULL = YES;
				CLANG_ANALYZER_NUMBER_OBJECT_CONVERSION = YES_AGGRESSIVE;
				CLANG_CXX_LANGUAGE_STANDARD = "gnu++20";
				CLANG_ENABLE_MODULES = YES;
				CLANG_ENABLE_OBJC_ARC = YES;
				CLANG_ENABLE_OBJC_WEAK = YES;
				CLANG_WARN_BLOCK_CAPTURE_AUTORELEASING = YES;
				CLANG_WARN_BOOL_CONVERSION = YES;
				CLANG_WARN_COMMA = YES;
				CLANG_WARN_CONSTANT_CONVERSION = YES;
				CLANG_WARN_DEPRECATED_OBJC_IMPLEMENTATIONS = YES;
				CLANG_WARN_DIRECT_OBJC_ISA_USAGE = YES_ERROR;
				CLANG_WARN_DOCUMENTATION_COMMENTS = YES;
				CLANG_WARN_EMPTY_BODY = YES;
				CLANG_WARN_ENUM_CONVERSION = YES;
				CLANG_WARN_INFINITE_RECURSION = YES;
				CLANG_WARN_INT_CONVERSION = YES;
				CLANG_WARN_NON_LITERAL_NULL_CONVERSION = YES;
				CLANG_WARN_OBJC_IMPLICIT_RETAIN_SELF = YES;
				CLANG_WARN_OBJC_LITERAL_CONVERSION = YES;
				CLANG_WARN_OBJC_ROOT_CLASS = YES_ERROR;
				CLANG_WARN_QUOTED_INCLUDE_IN_FRAMEWORK_HEADER = YES;
				CLANG_WARN_RANGE_LOOP_ANALYSIS = YES;
				CLANG_WARN_STRICT_PROTOTYPES = YES;
				CLANG_WARN_SUSPICIOUS_MOVE = YES;
				CLANG_WARN_UNGUARDED_AVAILABILITY = YES_AGGRESSIVE;
				CLANG_WARN_UNREACHABLE_CODE = YES;
				CLANG_WARN__DUPLICATE_METHOD_MATCH = YES;
				COPY_PHASE_STRIP = NO;
				DEBUG_INFORMATION_FORMAT = dwarf;
				ENABLE_STRICT_OBJC_MSGSEND = YES;
				ENABLE_TESTABILITY = YES;
				GCC_C_LANGUAGE_STANDARD = gnu11;
				GCC_DYNAMIC_NO_PIC = NO;
				GCC_NO_COMMON_BLOCKS = YES;
				GCC_OPTIMIZATION_LEVEL = 0;
				GCC_PREPROCESSOR_DEFINITIONS = (
					"DEBUG=1",
					"$(inherited)",
				);
				GCC_WARN_64_TO_32_BIT_CONVERSION = YES;
				GCC_WARN_ABOUT_RETURN_TYPE = YES_ERROR;
				GCC_WARN_UNDECLARED_SELECTOR = YES;
				GCC_WARN_UNINITIALIZED_AUTOS = YES_AGGRESSIVE;
				GCC_WARN_UNUSED_FUNCTION = YES;
				GCC_WARN_UNUSED_VARIABLE = YES;
				IPHONEOS_DEPLOYMENT_TARGET = 16.2;
				MTL_ENABLE_DEBUG_INFO = INCLUDE_SOURCE;
				MTL_FAST_MATH = YES;
				ONLY_ACTIVE_ARCH = YES;
				SDKROOT = iphoneos;
				SWIFT_ACTIVE_COMPILATION_CONDITIONS = DEBUG;
				SWIFT_OPTIMIZATION_LEVEL = "-Onone";
			};
			name = Debug;
		};
		7459D29429BCD82D00604635 /* Release */ = {
			isa = XCBuildConfiguration;
			buildSettings = {
				ALWAYS_SEARCH_USER_PATHS = NO;
				CLANG_ANALYZER_NONNULL = YES;
				CLANG_ANALYZER_NUMBER_OBJECT_CONVERSION = YES_AGGRESSIVE;
				CLANG_CXX_LANGUAGE_STANDARD = "gnu++20";
				CLANG_ENABLE_MODULES = YES;
				CLANG_ENABLE_OBJC_ARC = YES;
				CLANG_ENABLE_OBJC_WEAK = YES;
				CLANG_WARN_BLOCK_CAPTURE_AUTORELEASING = YES;
				CLANG_WARN_BOOL_CONVERSION = YES;
				CLANG_WARN_COMMA = YES;
				CLANG_WARN_CONSTANT_CONVERSION = YES;
				CLANG_WARN_DEPRECATED_OBJC_IMPLEMENTATIONS = YES;
				CLANG_WARN_DIRECT_OBJC_ISA_USAGE = YES_ERROR;
				CLANG_WARN_DOCUMENTATION_COMMENTS = YES;
				CLANG_WARN_EMPTY_BODY = YES;
				CLANG_WARN_ENUM_CONVERSION = YES;
				CLANG_WARN_INFINITE_RECURSION = YES;
				CLANG_WARN_INT_CONVERSION = YES;
				CLANG_WARN_NON_LITERAL_NULL_CONVERSION = YES;
				CLANG_WARN_OBJC_IMPLICIT_RETAIN_SELF = YES;
				CLANG_WARN_OBJC_LITERAL_CONVERSION = YES;
				CLANG_WARN_OBJC_ROOT_CLASS = YES_ERROR;
				CLANG_WARN_QUOTED_INCLUDE_IN_FRAMEWORK_HEADER = YES;
				CLANG_WARN_RANGE_LOOP_ANALYSIS = YES;
				CLANG_WARN_STRICT_PROTOTYPES = YES;
				CLANG_WARN_SUSPICIOUS_MOVE = YES;
				CLANG_WARN_UNGUARDED_AVAILABILITY = YES_AGGRESSIVE;
				CLANG_WARN_UNREACHABLE_CODE = YES;
				CLANG_WARN__DUPLICATE_METHOD_MATCH = YES;
				COPY_PHASE_STRIP = NO;
				DEBUG_INFORMATION_FORMAT = "dwarf-with-dsym";
				ENABLE_NS_ASSERTIONS = NO;
				ENABLE_STRICT_OBJC_MSGSEND = YES;
				GCC_C_LANGUAGE_STANDARD = gnu11;
				GCC_NO_COMMON_BLOCKS = YES;
				GCC_WARN_64_TO_32_BIT_CONVERSION = YES;
				GCC_WARN_ABOUT_RETURN_TYPE = YES_ERROR;
				GCC_WARN_UNDECLARED_SELECTOR = YES;
				GCC_WARN_UNINITIALIZED_AUTOS = YES_AGGRESSIVE;
				GCC_WARN_UNUSED_FUNCTION = YES;
				GCC_WARN_UNUSED_VARIABLE = YES;
				IPHONEOS_DEPLOYMENT_TARGET = 16.2;
				MTL_ENABLE_DEBUG_INFO = NO;
				MTL_FAST_MATH = YES;
				SDKROOT = iphoneos;
				SWIFT_COMPILATION_MODE = wholemodule;
				SWIFT_OPTIMIZATION_LEVEL = "-O";
				VALIDATE_PRODUCT = YES;
			};
			name = Release;
		};
		7459D29629BCD82D00604635 /* Debug */ = {
			isa = XCBuildConfiguration;
			buildSettings = {
				ASSETCATALOG_COMPILER_APPICON_NAME = AppIcon;
				ASSETCATALOG_COMPILER_GLOBAL_ACCENT_COLOR_NAME = AccentColor;
				CODE_SIGN_STYLE = Automatic;
				CURRENT_PROJECT_VERSION = 1;
				DEVELOPMENT_ASSET_PATHS = "\"iOS/Preview Content\"";
				DEVELOPMENT_TEAM = MZX777V9YC;
				ENABLE_PREVIEWS = YES;
				GENERATE_INFOPLIST_FILE = YES;
				INFOPLIST_KEY_UIApplicationSceneManifest_Generation = YES;
				INFOPLIST_KEY_UIApplicationSupportsIndirectInputEvents = YES;
				INFOPLIST_KEY_UILaunchScreen_Generation = YES;
				INFOPLIST_KEY_UISupportedInterfaceOrientations_iPad = "UIInterfaceOrientationPortrait UIInterfaceOrientationPortraitUpsideDown UIInterfaceOrientationLandscapeLeft UIInterfaceOrientationLandscapeRight";
				INFOPLIST_KEY_UISupportedInterfaceOrientations_iPhone = "UIInterfaceOrientationPortrait UIInterfaceOrientationLandscapeLeft UIInterfaceOrientationLandscapeRight";
				LD_RUNPATH_SEARCH_PATHS = (
					"$(inherited)",
					"@executable_path/Frameworks",
				);
				"LIBRARY_SEARCH_PATHS[sdk=iphoneos*][arch=arm64]" = "$(PROJECT_DIR)/../target/aarch64-apple-ios/debug";
				"LIBRARY_SEARCH_PATHS[sdk=iphonesimulator*][arch=arm64]" = "$(PROJECT_DIR)/../target/aarch64-apple-ios-sim/debug";
				"LIBRARY_SEARCH_PATHS[sdk=iphonesimulator*][arch=x86_64]" = "$(PROJECT_DIR)/../target/x86_64-apple-ios/debug";
				MARKETING_VERSION = 1.0;
				PRODUCT_BUNDLE_IDENTIFIER = com.complexityclass.iOS;
				PRODUCT_NAME = "$(TARGET_NAME)";
				SWIFT_EMIT_LOC_STRINGS = YES;
				"SWIFT_OBJC_BRIDGING_HEADER[arch=*]" = generated/sharedFFI.h;
				SWIFT_VERSION = 5.0;
				TARGETED_DEVICE_FAMILY = "1,2";
			};
			name = Debug;
		};
		7459D29729BCD82D00604635 /* Release */ = {
			isa = XCBuildConfiguration;
			buildSettings = {
				ASSETCATALOG_COMPILER_APPICON_NAME = AppIcon;
				ASSETCATALOG_COMPILER_GLOBAL_ACCENT_COLOR_NAME = AccentColor;
				CODE_SIGN_STYLE = Automatic;
				CURRENT_PROJECT_VERSION = 1;
				DEVELOPMENT_ASSET_PATHS = "\"iOS/Preview Content\"";
				DEVELOPMENT_TEAM = MZX777V9YC;
				ENABLE_PREVIEWS = YES;
				GENERATE_INFOPLIST_FILE = YES;
				INFOPLIST_KEY_UIApplicationSceneManifest_Generation = YES;
				INFOPLIST_KEY_UIApplicationSupportsIndirectInputEvents = YES;
				INFOPLIST_KEY_UILaunchScreen_Generation = YES;
				INFOPLIST_KEY_UISupportedInterfaceOrientations_iPad = "UIInterfaceOrientationPortrait UIInterfaceOrientationPortraitUpsideDown UIInterfaceOrientationLandscapeLeft UIInterfaceOrientationLandscapeRight";
				INFOPLIST_KEY_UISupportedInterfaceOrientations_iPhone = "UIInterfaceOrientationPortrait UIInterfaceOrientationLandscapeLeft UIInterfaceOrientationLandscapeRight";
				LD_RUNPATH_SEARCH_PATHS = (
					"$(inherited)",
					"@executable_path/Frameworks",
				);
				"LIBRARY_SEARCH_PATHS[sdk=iphoneos*][arch=arm64]" = "$(PROJECT_DIR)/../target/aarch64-apple-ios/release";
				"LIBRARY_SEARCH_PATHS[sdk=iphonesimulator*][arch=arm64]" = "$(PROJECT_DIR)/../target/aarch64-apple-ios-sim/release";
				"LIBRARY_SEARCH_PATHS[sdk=iphonesimulator*][arch=x86_64]" = "$(PROJECT_DIR)/../target/x86_64-apple-ios/release";
				MARKETING_VERSION = 1.0;
				PRODUCT_BUNDLE_IDENTIFIER = com.complexityclass.iOS;
				PRODUCT_NAME = "$(TARGET_NAME)";
				SWIFT_EMIT_LOC_STRINGS = YES;
				"SWIFT_OBJC_BRIDGING_HEADER[arch=*]" = generated/sharedFFI.h;
				SWIFT_VERSION = 5.0;
				TARGETED_DEVICE_FAMILY = "1,2";
			};
			name = Release;
		};
/* End XCBuildConfiguration section */

/* Begin XCConfigurationList section */
		7459D28229BCD82C00604635 /* Build configuration list for PBXProject "iOS" */ = {
			isa = XCConfigurationList;
			buildConfigurations = (
				7459D29329BCD82D00604635 /* Debug */,
				7459D29429BCD82D00604635 /* Release */,
			);
			defaultConfigurationIsVisible = 0;
			defaultConfigurationName = Release;
		};
		7459D29529BCD82D00604635 /* Build configuration list for PBXNativeTarget "iOS" */ = {
			isa = XCConfigurationList;
			buildConfigurations = (
				7459D29629BCD82D00604635 /* Debug */,
				7459D29729BCD82D00604635 /* Release */,
			);
			defaultConfigurationIsVisible = 0;
			defaultConfigurationName = Release;
		};
/* End XCConfigurationList section */

/* Begin XCRemoteSwiftPackageReference section */
		7459D2A229BCE11600604635 /* XCRemoteSwiftPackageReference "Serde" */ = {
			isa = XCRemoteSwiftPackageReference;
			repositoryURL = "https://github.com/starcoin-sdk/Serde.swift";
			requirement = {
				branch = main;
				kind = branch;
			};
		};
/* End XCRemoteSwiftPackageReference section */

/* Begin XCSwiftPackageProductDependency section */
		7459D2A329BCE11600604635 /* Serde */ = {
			isa = XCSwiftPackageProductDependency;
			package = 7459D2A229BCE11600604635 /* XCRemoteSwiftPackageReference "Serde" */;
			productName = Serde;
		};
/* End XCSwiftPackageProductDependency section */
	};
	rootObject = 7459D27F29BCD82C00604635 /* Project object */;
}
